<Solution>
  <Folder Name="/Solution Items/">
    <File Path=".editorconfig" />
    <File Path="Directory.Packages.props" />
  </Folder>
  <Folder Name="/src/">
    <Project Path="src/Plugin.Maui.SmartNavigation.Attributes/Plugin.Maui.SmartNavigation.Attributes.csproj" />
    <Project Path="src/Plugin.Maui.SmartNavigation.MopupsExtensions/Plugin.Maui.SmartNavigation.MopupsExtensions.csproj" />
    <Project Path="src/Plugin.Maui.SmartNavigation.SourceGenerators/Plugin.Maui.SmartNavigation.SourceGenerators.csproj" />
    <Project Path="src/Plugin.Maui.SmartNavigation/Plugin.Maui.SmartNavigation.csproj" />
  </Folder>
  <Folder Name="/tests/">
    <Project Path="tests/Plugin.Maui.SmartNavigation.IntegrationTests/Plugin.Maui.SmartNavigation.IntegrationTests.csproj" />
    <Project Path="tests/Plugin.Maui.SmartNavigation.SourceGenerators.Tests/Plugin.Maui.SmartNavigation.SourceGenerators.Tests.csproj" Id="08941201-d6d2-492d-bfc3-ff7b51baab8f" />
  </Folder>
  <Project Path="src/DemoProject/DemoProject.csproj" />
</Solution>
